{
  "name": "google-map",
  "version": "1.0.0",
  "lockfileVersion": 1,
  "requires": true,
  "dependencies": {
    "@polymer/lit-element": {
      "version": "0.6.5",
      "resolved": "https://registry.npmjs.org/@polymer/lit-element/-/lit-element-0.6.5.tgz",
      "integrity": "sha512-KVjuU/5Ugp6PFob6YEe1/B4GCKjqhEy9Tj954shL6d3DohT2sNAmbX9QfbXvcZ8RhbVELK6dzbN3i2BRA3mOKg==",
      "requires": {
        "lit-html": "^1.0.0-rc.1"
      }
    },
    "@types/googlemaps": {
      "version": "3.30.16",
      "resolved": "https://registry.npmjs.org/@types/googlemaps/-/googlemaps-3.30.16.tgz",
      "integrity": "sha512-6OZ64ahLzYfzuSr71y4jAHZXiwxjvvEM2bfF2tzjIc9KUZVbO30SkYa8WewTsR8aM5BFz/uBiNlZ14eRLXYS0g=="
    },
    "@webcomponents/webcomponentsjs": {
      "version": "2.2.1",
      "resolved": "https://registry.npmjs.org/@webcomponents/webcomponentsjs/-/webcomponentsjs-2.2.1.tgz",
      "integrity": "sha512-lZZ+Lkke6JhsJcQQqSVk1Pny6/8y4qhJ98LO7a/MwBSRO8WqHqK1X2vscfeL8vOnYGFnmBUyVG95lwYv/AXyLQ==",
      "dev": true
    },
    "lit-html": {
      "version": "1.0.0-rc.1",
      "resolved": "https://registry.npmjs.org/lit-html/-/lit-html-1.0.0-rc.1.tgz",
      "integrity": "sha512-Qyu+lHpRtJS3Addw56rK68KgZ5cdxTfRDmYNwd8gRQBImdhkE0uyqIT5usLE9YDezFeYVqgAc2WujOOi8taF1A=="
    }
  }
}
